
Microsoft Visual Studio Solution File, Format Version 12.00
# Visual Studio Version 17
VisualStudioVersion = 17.5.002.0
MinimumVisualStudioVersion = 10.0.40219.1
Project("{2150E333-8FDC-42A3-9474-1A3956D46DE8}") = "PE", "PE", "{6250F009-202D-4DE6-8D84-2246263459CA}"
EndProject
Project("{9A19103F-16F7-4668-BE54-9A1E7A4F7556}") = "1009_SalaryWithBonus", "PE\1009_SalaryWithBonus\1009_SalaryWithBonus.csproj", "{20DAD40E-7562-4903-B592-B9AC3946D39D}"
EndProject
Project("{FAE04EC0-301F-11D3-BF4B-00C04F79EFBC}") = "1013_TheGreatest", "PE\1013_TheGreatest\1013_TheGreatest.csproj", "{1388B86F-0856-462E-824B-19A38501B1B7}"
EndProject
Project("{FAE04EC0-301F-11D3-BF4B-00C04F79EFBC}") = "1014_Consumption", "PE\1014_Consumption\1014_Consumption.csproj", "{4F25C633-A8D6-40BC-BC12-08AB7C2478BC}"
EndProject
Project("{FAE04EC0-301F-11D3-BF4B-00C04F79EFBC}") = "1015_DistanceTwoPoints", "PE\1015_DistanceTwoPoints\1015_DistanceTwoPoints.csproj", "{3C5571CE-CE00-40FB-871F-A9ED6440CBFC}"
EndProject
Project("{FAE04EC0-301F-11D3-BF4B-00C04F79EFBC}") = "1018_Banknotes", "PE\1018_Banknotes\1018_Banknotes.csproj", "{437994F7-15DD-4A5F-BA3D-77D9974A8AFC}"
EndProject
Global
	GlobalSection(SolutionConfigurationPlatforms) = preSolution
		Debug|Any CPU = Debug|Any CPU
		Release|Any CPU = Release|Any CPU
	EndGlobalSection
	GlobalSection(ProjectConfigurationPlatforms) = postSolution
		{20DAD40E-7562-4903-B592-B9AC3946D39D}.Debug|Any CPU.ActiveCfg = Debug|Any CPU
		{20DAD40E-7562-4903-B592-B9AC3946D39D}.Debug|Any CPU.Build.0 = Debug|Any CPU
		{20DAD40E-7562-4903-B592-B9AC3946D39D}.Release|Any CPU.ActiveCfg = Release|Any CPU
		{20DAD40E-7562-4903-B592-B9AC3946D39D}.Release|Any CPU.Build.0 = Release|Any CPU
		{1388B86F-0856-462E-824B-19A38501B1B7}.Debug|Any CPU.ActiveCfg = Debug|Any CPU
		{1388B86F-0856-462E-824B-19A38501B1B7}.Debug|Any CPU.Build.0 = Debug|Any CPU
		{1388B86F-0856-462E-824B-19A38501B1B7}.Release|Any CPU.ActiveCfg = Release|Any CPU
		{1388B86F-0856-462E-824B-19A38501B1B7}.Release|Any CPU.Build.0 = Release|Any CPU
		{4F25C633-A8D6-40BC-BC12-08AB7C2478BC}.Debug|Any CPU.ActiveCfg = Debug|Any CPU
		{4F25C633-A8D6-40BC-BC12-08AB7C2478BC}.Debug|Any CPU.Build.0 = Debug|Any CPU
		{4F25C633-A8D6-40BC-BC12-08AB7C2478BC}.Release|Any CPU.ActiveCfg = Release|Any CPU
		{4F25C633-A8D6-40BC-BC12-08AB7C2478BC}.Release|Any CPU.Build.0 = Release|Any CPU
		{3C5571CE-CE00-40FB-871F-A9ED6440CBFC}.Debug|Any CPU.ActiveCfg = Debug|Any CPU
		{3C5571CE-CE00-40FB-871F-A9ED6440CBFC}.Debug|Any CPU.Build.0 = Debug|Any CPU
		{3C5571CE-CE00-40FB-871F-A9ED6440CBFC}.Release|Any CPU.ActiveCfg = Release|Any CPU
		{3C5571CE-CE00-40FB-871F-A9ED6440CBFC}.Release|Any CPU.Build.0 = Release|Any CPU
		{437994F7-15DD-4A5F-BA3D-77D9974A8AFC}.Debug|Any CPU.ActiveCfg = Debug|Any CPU
		{437994F7-15DD-4A5F-BA3D-77D9974A8AFC}.Debug|Any CPU.Build.0 = Debug|Any CPU
		{437994F7-15DD-4A5F-BA3D-77D9974A8AFC}.Release|Any CPU.ActiveCfg = Release|Any CPU
		{437994F7-15DD-4A5F-BA3D-77D9974A8AFC}.Release|Any CPU.Build.0 = Release|Any CPU
	EndGlobalSection
	GlobalSection(SolutionProperties) = preSolution
		HideSolutionNode = FALSE
	EndGlobalSection
	GlobalSection(NestedProjects) = preSolution
		{20DAD40E-7562-4903-B592-B9AC3946D39D} = {6250F009-202D-4DE6-8D84-2246263459CA}
		{1388B86F-0856-462E-824B-19A38501B1B7} = {6250F009-202D-4DE6-8D84-2246263459CA}
		{4F25C633-A8D6-40BC-BC12-08AB7C2478BC} = {6250F009-202D-4DE6-8D84-2246263459CA}
		{3C5571CE-CE00-40FB-871F-A9ED6440CBFC} = {6250F009-202D-4DE6-8D84-2246263459CA}
		{437994F7-15DD-4A5F-BA3D-77D9974A8AFC} = {6250F009-202D-4DE6-8D84-2246263459CA}
	EndGlobalSection
	GlobalSection(ExtensibilityGlobals) = postSolution
		SolutionGuid = {0EC0E7EC-66DA-43AA-BC3D-8AFAF40EFCA4}
	EndGlobalSection
EndGlobal
